
Microsoft Visual Studio Solution File, Format Version 12.00
# Visual Studio Version 16
VisualStudioVersion = 16.0.29424.173
MinimumVisualStudioVersion = 10.0.40219.1
Project("{FAE04EC0-301F-11D3-BF4B-00C04F79EFBC}") = "Damn IT", "Damn IT.csproj", "{A44815DE-9D0E-482F-BFF5-4AFCEAFF9293}"
EndProject
Global
	GlobalSection(SolutionConfigurationPlatforms) = preSolution
		Debug|Any CPU = Debug|Any CPU
		Release|Any CPU = Release|Any CPU
	EndGlobalSection
	GlobalSection(ProjectConfigurationPlatforms) = postSolution
		{A44815DE-9D0E-482F-BFF5-4AFCEAFF9293}.Debug|Any CPU.ActiveCfg = Debug|Any CPU
		{A44815DE-9D0E-482F-BFF5-4AFCEAFF9293}.Debug|Any CPU.Build.0 = Debug|Any CPU
		{A44815DE-9D0E-482F-BFF5-4AFCEAFF9293}.Release|Any CPU.ActiveCfg = Release|Any CPU
		{A44815DE-9D0E-482F-BFF5-4AFCEAFF9293}.Release|Any CPU.Build.0 = Release|Any CPU
	EndGlobalSection
	GlobalSection(SolutionProperties) = preSolution
		HideSolutionNode = FALSE
	EndGlobalSection
	GlobalSection(ExtensibilityGlobals) = postSolution
		SolutionGuid = {D78D22B3-21DA-4DB9-AF62-FB10336105A0}
	EndGlobalSection
EndGlobal
